
Microsoft Visual Studio Solution File, Format Version 12.00
# Visual Studio Version 16
VisualStudioVersion = 16.0.31410.357
MinimumVisualStudioVersion = 10.0.40219.1
Project("{FAE04EC0-301F-11D3-BF4B-00C04F79EFBC}") = "GigHub", "GigHub\GigHub.csproj", "{A88FF197-76A7-41CE-B43B-297E9E0CC09C}"
EndProject
Project("{FAE04EC0-301F-11D3-BF4B-00C04F79EFBC}") = "GigHub.Tests", "GigHub.Tests\GigHub.Tests.csproj", "{0E3B4B71-7F51-4383-9B4D-E7D5C81B1392}"
EndProject
Project("{FAE04EC0-301F-11D3-BF4B-00C04F79EFBC}") = "GigHub.IntegrationTests", "GigHub.IntegrationTests\GigHub.IntegrationTests.csproj", "{77B8BE4E-FCC4-42B8-B355-23B33F49C4F8}"
EndProject
Global
	GlobalSection(SolutionConfigurationPlatforms) = preSolution
		Debug|Any CPU = Debug|Any CPU
		Release|Any CPU = Release|Any CPU
	EndGlobalSection
	GlobalSection(ProjectConfigurationPlatforms) = postSolution
		{A88FF197-76A7-41CE-B43B-297E9E0CC09C}.Debug|Any CPU.ActiveCfg = Debug|Any CPU
		{A88FF197-76A7-41CE-B43B-297E9E0CC09C}.Debug|Any CPU.Build.0 = Debug|Any CPU
		{A88FF197-76A7-41CE-B43B-297E9E0CC09C}.Release|Any CPU.ActiveCfg = Release|Any CPU
		{A88FF197-76A7-41CE-B43B-297E9E0CC09C}.Release|Any CPU.Build.0 = Release|Any CPU
		{0E3B4B71-7F51-4383-9B4D-E7D5C81B1392}.Debug|Any CPU.ActiveCfg = Debug|Any CPU
		{0E3B4B71-7F51-4383-9B4D-E7D5C81B1392}.Debug|Any CPU.Build.0 = Debug|Any CPU
		{0E3B4B71-7F51-4383-9B4D-E7D5C81B1392}.Release|Any CPU.ActiveCfg = Release|Any CPU
		{0E3B4B71-7F51-4383-9B4D-E7D5C81B1392}.Release|Any CPU.Build.0 = Release|Any CPU
		{77B8BE4E-FCC4-42B8-B355-23B33F49C4F8}.Debug|Any CPU.ActiveCfg = Debug|Any CPU
		{77B8BE4E-FCC4-42B8-B355-23B33F49C4F8}.Debug|Any CPU.Build.0 = Debug|Any CPU
		{77B8BE4E-FCC4-42B8-B355-23B33F49C4F8}.Release|Any CPU.ActiveCfg = Release|Any CPU
		{77B8BE4E-FCC4-42B8-B355-23B33F49C4F8}.Release|Any CPU.Build.0 = Release|Any CPU
	EndGlobalSection
	GlobalSection(SolutionProperties) = preSolution
		HideSolutionNode = FALSE
	EndGlobalSection
	GlobalSection(ExtensibilityGlobals) = postSolution
		SolutionGuid = {DE3005E1-1ABB-41D0-9DF5-EB0B610A81E7}
	EndGlobalSection
EndGlobal
